
Microsoft Visual Studio Solution File, Format Version 12.00
# Visual Studio Version 17
VisualStudioVersion = 17.6.33723.286
MinimumVisualStudioVersion = 10.0.40219.1
Project("{FAE04EC0-301F-11D3-BF4B-00C04F79EFBC}") = "WF_EmpolyeeDetails", "WF_EmpolyeeDetails\WF_EmpolyeeDetails.csproj", "{284B22B9-C6B6-4F30-8396-2D476DF62065}"
EndProject
Global
	GlobalSection(SolutionConfigurationPlatforms) = preSolution
		Debug|Any CPU = Debug|Any CPU
		Release|Any CPU = Release|Any CPU
	EndGlobalSection
	GlobalSection(ProjectConfigurationPlatforms) = postSolution
		{284B22B9-C6B6-4F30-8396-2D476DF62065}.Debug|Any CPU.ActiveCfg = Debug|Any CPU
		{284B22B9-C6B6-4F30-8396-2D476DF62065}.Debug|Any CPU.Build.0 = Debug|Any CPU
		{284B22B9-C6B6-4F30-8396-2D476DF62065}.Release|Any CPU.ActiveCfg = Release|Any CPU
		{284B22B9-C6B6-4F30-8396-2D476DF62065}.Release|Any CPU.Build.0 = Release|Any CPU
	EndGlobalSection
	GlobalSection(SolutionProperties) = preSolution
		HideSolutionNode = FALSE
	EndGlobalSection
	GlobalSection(ExtensibilityGlobals) = postSolution
		SolutionGuid = {67DBB3F3-D972-4300-8073-3A2990BDA417}
	EndGlobalSection
EndGlobal
